
Microsoft Visual Studio Solution File, Format Version 12.00
# Visual Studio Version 17
VisualStudioVersion = 17.4.33122.133
MinimumVisualStudioVersion = 10.0.40219.1
Project("{FAE04EC0-301F-11D3-BF4B-00C04F79EFBC}") = "TravelBlogApp", "TravelBlogApp\TravelBlogApp.csproj", "{786A1FFD-1193-40F8-8FE5-7AC2179892BA}"
EndProject
Global
	GlobalSection(SolutionConfigurationPlatforms) = preSolution
		Debug|Any CPU = Debug|Any CPU
		Release|Any CPU = Release|Any CPU
	EndGlobalSection
	GlobalSection(ProjectConfigurationPlatforms) = postSolution
		{786A1FFD-1193-40F8-8FE5-7AC2179892BA}.Debug|Any CPU.ActiveCfg = Debug|Any CPU
		{786A1FFD-1193-40F8-8FE5-7AC2179892BA}.Debug|Any CPU.Build.0 = Debug|Any CPU
		{786A1FFD-1193-40F8-8FE5-7AC2179892BA}.Release|Any CPU.ActiveCfg = Release|Any CPU
		{786A1FFD-1193-40F8-8FE5-7AC2179892BA}.Release|Any CPU.Build.0 = Release|Any CPU
	EndGlobalSection
	GlobalSection(SolutionProperties) = preSolution
		HideSolutionNode = FALSE
	EndGlobalSection
	GlobalSection(ExtensibilityGlobals) = postSolution
		SolutionGuid = {F6A286EC-EED4-4F69-835F-B912026F1714}
	EndGlobalSection
EndGlobal
